emperror.dev/errors v0.8.1 h1:UavXZ5cSX/4u9iyvH6aDcuGkVjeexUGJ7Ij7G4VfQT0=
emperror.dev/errors v0.8.1/go.mod h1:YcRvLPh626Ubn2xqtoprejnA5nFha+TJ+2vew48kWuE=
github.com/ShiraazMoollatjie/goluhn v0.0.0-20211017190329-0d86158c056a h1:NPnGVqpua4c1iEFVdxnBJA9viP5bo2Zp2jfflbcjdto=
github.com/ShiraazMoollatjie/goluhn v0.0.0-20211017190329-0d86158c056a/go.mod h1:5LI6VqIHoGmWsR0EJLbct5bBrtM/0pTonaAyGKmFk9U=
github.com/bykof/gostradamus v1.0.4 h1:77iq/tANg5rZSxjoZ98zepZbv3VrotijEmlnH/WycD4=
github.com/bykof/gostradamus v1.0.4/go.mod h1:pdH0bv8yFLwr4G6EbM1j3QUb4AdCmiG7xlTjVwYyPNM=
github.com/davecgh/go-spew v1.1.0/go.mod h1:J7Y8YcW2NihsgmVo/mv3lAwl/skON4iLHjSsI+c5H38=
github.com/davecgh/go-spew v1.1.1 h1:vj9j/u1bqnvCEfJOwUhtlOARqs3+rkHYY13jYWTU97c=
github.com/davecgh/go-spew v1.1.1/go.mod h1:J7Y8YcW2NihsgmVo/mv3lAwl/skON4iLHjSsI+c5H38=
github.com/emirpasic/gods v1.18.1 h1:FXtiHYKDGKCW2KzwZKx0iC0PQmdlorYgdFG9jPXJ1Bc=
github.com/emirpasic/gods v1.18.1/go.mod h1:8tpGGwCnJ5H4r6BWwaV6OrWmMoPhUl5jm/FMNAnJvWQ=
github.com/gofrs/uuid v4.3.0+incompatible h1:CaSVZxm5B+7o45rtab4jC2G37WGYX1zQfuU2i6DSvnc=
github.com/gofrs/uuid v4.3.0+incompatible/go.mod h1:b2aQJv3Z4Fp6yNu3cdSllBxTCLRxnplIgP/c0N/04lM=
github.com/jbenet/go-is-domain v1.0.5 h1:r92uiHbMEJo9Fkey5pMBtZAzjPQWic0ieo7Jw1jEuQQ=
github.com/jbenet/go-is-domain v1.0.5/go.mod h1:xbRLRb0S7FgzDBTJlguhDVwLYM/5yNtvktxj2Ttfy7Q=
github.com/logrusorgru/aurora/v3 v3.0.0 h1:R6zcoZZbvVcGMvDCKo45A9U/lzYyzl5NfYIvznmDfE4=
github.com/logrusorgru/aurora/v3 v3.0.0/go.mod h1:vsR12bk5grlLvLXAYrBsb5Oc/N+LxAlxggSjiwMnCUc=
github.com/pkg/errors v0.9.1 h1:FEBLx1zS214owpjy7qsBeixbURkuhQAwrK5UwLGTwt4=
github.com/pkg/errors v0.9.1/go.mod h1:bwawxfHBFNV+L2hUp1rHADufV3IMtnDRdf1r5NINEl0=
github.com/pmezard/go-difflib v1.0.0 h1:4DBwDE0NGyQoBHbLQYPwSUPoCMWR5BEzIk/f1lZbAQM=
github.com/pmezard/go-difflib v1.0.0/go.mod h1:iKH77koFhYxTK1pcRnkKkqfTogsbg7gZNVY4sRDYZ/4=
github.com/stretchr/objx v0.1.0/go.mod h1:HFkY916IF+rwdDfMAkV7OtwuqBVzrE8GR6GFx+wExME=
github.com/stretchr/objx v0.4.0/go.mod h1:YvHI0jy2hoMjB+UWwv71VJQ9isScKT/TqJzVSSt89Yw=
github.com/stretchr/testify v1.3.0/go.mod h1:M5WIy9Dh21IEIfnGCwXGc5bZfKNJtfHm1UVUgZn+9EI=
github.com/stretchr/testify v1.5.1/go.mod h1:5W2xD1RspED5o8YsWQXVCued0rvSQ+mT+I5cxcmMvtA=
github.com/stretchr/testify v1.7.1/go.mod h1:6Fq8oRcR53rry900zMqJjRRixrwX3KX962/h/Wwjteg=
github.com/stretchr/testify v1.8.0 h1:pSgiaMZlXftHpm5L7V1+rVB+AZJydKsMxsQBIJw4PKk=
github.com/stretchr/testify v1.8.0/go.mod h1:yNjHg4UonilssWZ8iaSj1OCr/vHnekPRkoO+kdMU+MU=
github.com/tucnak/climax v0.0.0-20200905070204-9f87fd172d1c h1:W0YuKIcpTydfHSaDI6S7qvEtulpp0pNmg1lkZSGSops=
github.com/tucnak/climax v0.0.0-20200905070204-9f87fd172d1c/go.mod h1:RIs2CNqmj7Jrd50GkbaljU/okzB4EDjMKx+TpmZhYRw=
go.uber.org/atomic v1.7.0 h1:ADUqmZGgLDDfbSL9ZmPxKTybcoEYHgpYfELNoN+7hsw=
go.uber.org/atomic v1.7.0/go.mod h1:fEN4uk6kAWBTFdckzkM89CLk9XfWZrxpCo0nPH17wJc=
go.uber.org/multierr v1.6.0 h1:y6IPFStTAIT5Ytl7/XYmHvzXQ7S3g/IeZW9hyZ5thw4=
go.uber.org/multierr v1.6.0/go.mod h1:cdWPpRnG4AhwMwsgIHip0KRBQjJy5kYEpYjJxpXp9iU=
gopkg.in/check.v1 v0.0.0-20161208181325-20d25e280405/go.mod h1:Co6ibVJAznAaIkqp8huTwlJQCZ016jof/cbN4VW5Yz0=
gopkg.in/yaml.v2 v2.2.2/go.mod h1:hI93XBmqTisBFMUTm0b8Fm+jr3Dg1NNxqwp+5A1VGuI=
gopkg.in/yaml.v3 v3.0.0-20200313102051-9f266ea9e77c/go.mod h1:K4uyk7z7BCEPqu6E+C64Yfv1cQ7kz7rIZviUmN+EgEM=
gopkg.in/yaml.v3 v3.0.1 h1:fxVm/GzAzEWqLHuvctI91KS9hhNmmWOoWu0XTYJS7CA=
gopkg.in/yaml.v3 v3.0.1/go.mod h1:K4uyk7z7BCEPqu6E+C64Yfv1cQ7kz7rIZviUmN+EgEM=
